
Microsoft Visual Studio Solution File, Format Version 12.00
# Visual Studio 15
VisualStudioVersion = 15.0.27703.2035
MinimumVisualStudioVersion = 10.0.40219.1
Project("{FAE04EC0-301F-11D3-BF4B-00C04F79EFBC}") = "MediaTracker", "MediaTracker\MediaTracker.csproj", "{D982E254-9723-45B7-9913-7A8AAC8FE4EB}"
EndProject
Project("{9A19103F-16F7-4668-BE54-9A1E7A4F7556}") = "Services", "Services\Services.csproj", "{C7B05709-CCFB-46FE-BD3C-4C3E38003608}"
EndProject
Project("{9A19103F-16F7-4668-BE54-9A1E7A4F7556}") = "Domain", "Domain\Domain.csproj", "{4E82516E-E04E-414D-9FF0-B2D370FA0E18}"
EndProject
Project("{9A19103F-16F7-4668-BE54-9A1E7A4F7556}") = "Persistance", "Persistance\Persistance.csproj", "{750C40E2-7A02-427A-9F6C-53968CC53028}"
EndProject
Project("{FAE04EC0-301F-11D3-BF4B-00C04F79EFBC}") = "Application", "Application\Application.csproj", "{06395D72-4910-472E-BBE0-CE27BC036CB1}"
EndProject
Global
	GlobalSection(SolutionConfigurationPlatforms) = preSolution
		Debug|Any CPU = Debug|Any CPU
		Release|Any CPU = Release|Any CPU
	EndGlobalSection
	GlobalSection(ProjectConfigurationPlatforms) = postSolution
		{D982E254-9723-45B7-9913-7A8AAC8FE4EB}.Debug|Any CPU.ActiveCfg = Debug|Any CPU
		{D982E254-9723-45B7-9913-7A8AAC8FE4EB}.Debug|Any CPU.Build.0 = Debug|Any CPU
		{D982E254-9723-45B7-9913-7A8AAC8FE4EB}.Release|Any CPU.ActiveCfg = Release|Any CPU
		{D982E254-9723-45B7-9913-7A8AAC8FE4EB}.Release|Any CPU.Build.0 = Release|Any CPU
		{C7B05709-CCFB-46FE-BD3C-4C3E38003608}.Debug|Any CPU.ActiveCfg = Debug|Any CPU
		{C7B05709-CCFB-46FE-BD3C-4C3E38003608}.Debug|Any CPU.Build.0 = Debug|Any CPU
		{C7B05709-CCFB-46FE-BD3C-4C3E38003608}.Release|Any CPU.ActiveCfg = Release|Any CPU
		{C7B05709-CCFB-46FE-BD3C-4C3E38003608}.Release|Any CPU.Build.0 = Release|Any CPU
		{4E82516E-E04E-414D-9FF0-B2D370FA0E18}.Debug|Any CPU.ActiveCfg = Debug|Any CPU
		{4E82516E-E04E-414D-9FF0-B2D370FA0E18}.Debug|Any CPU.Build.0 = Debug|Any CPU
		{4E82516E-E04E-414D-9FF0-B2D370FA0E18}.Release|Any CPU.ActiveCfg = Release|Any CPU
		{4E82516E-E04E-414D-9FF0-B2D370FA0E18}.Release|Any CPU.Build.0 = Release|Any CPU
		{750C40E2-7A02-427A-9F6C-53968CC53028}.Debug|Any CPU.ActiveCfg = Debug|Any CPU
		{750C40E2-7A02-427A-9F6C-53968CC53028}.Debug|Any CPU.Build.0 = Debug|Any CPU
		{750C40E2-7A02-427A-9F6C-53968CC53028}.Release|Any CPU.ActiveCfg = Release|Any CPU
		{750C40E2-7A02-427A-9F6C-53968CC53028}.Release|Any CPU.Build.0 = Release|Any CPU
		{06395D72-4910-472E-BBE0-CE27BC036CB1}.Debug|Any CPU.ActiveCfg = Debug|Any CPU
		{06395D72-4910-472E-BBE0-CE27BC036CB1}.Debug|Any CPU.Build.0 = Debug|Any CPU
		{06395D72-4910-472E-BBE0-CE27BC036CB1}.Release|Any CPU.ActiveCfg = Release|Any CPU
		{06395D72-4910-472E-BBE0-CE27BC036CB1}.Release|Any CPU.Build.0 = Release|Any CPU
	EndGlobalSection
	GlobalSection(SolutionProperties) = preSolution
		HideSolutionNode = FALSE
	EndGlobalSection
	GlobalSection(ExtensibilityGlobals) = postSolution
		SolutionGuid = {0B2E1DA5-C886-45FF-9B49-337CC2FB22F9}
	EndGlobalSection
EndGlobal
